// !$*UTF8*$!
{
	archiveVersion = 1;
	classes = {
	};
	objectVersion = 46;
	objects = {

/* Begin PBXBuildFile section */
		4BBA87F51D40A55D004DF1A1 /* main.m in Sources */ = {isa = PBXBuildFile; fileRef = 4BBA87F41D40A55D004DF1A1 /* main.m */; };
		4BBA87F81D40A55D004DF1A1 /* AppDelegate.m in Sources */ = {isa = PBXBuildFile; fileRef = 4BBA87F71D40A55D004DF1A1 /* AppDelegate.m */; };
		4BBA87FB1D40A55D004DF1A1 /* ViewController.m in Sources */ = {isa = PBXBuildFile; fileRef = 4BBA87FA1D40A55D004DF1A1 /* ViewController.m */; };
		4BBA87FE1D40A55D004DF1A1 /* Main.storyboard in Resources */ = {isa = PBXBuildFile; fileRef = 4BBA87FC1D40A55D004DF1A1 /* Main.storyboard */; };
		4BBA88001D40A55D004DF1A1 /* Assets.xcassets in Resources */ = {isa = PBXBuildFile; fileRef = 4BBA87FF1D40A55D004DF1A1 /* Assets.xcassets */; };
		4BBA88031D40A55D004DF1A1 /* LaunchScreen.storyboard in Resources */ = {isa = PBXBuildFile; fileRef = 4BBA88011D40A55D004DF1A1 /* LaunchScreen.storyboard */; };
		4BBA880E1D40A55D004DF1A1 /* Demo_BlockTests.m in Sources */ = {isa = PBXBuildFile; fileRef = 4BBA880D1D40A55D004DF1A1 /* Demo_BlockTests.m */; };
		4BBA88191D40A55D004DF1A1 /* Demo_BlockUITests.m in Sources */ = {isa = PBXBuildFile; fileRef = 4BBA88181D40A55D004DF1A1 /* Demo_BlockUITests.m */; };
/* End PBXBuildFile section */

/* Begin PBXContainerItemProxy section */
		4BBA880A1D40A55D004DF1A1 /* PBXContainerItemProxy */ = {
			isa = PBXContainerItemProxy;
			containerPortal = 4BBA87E81D40A55D004DF1A1 /* Project object */;
			proxyType = 1;
			remoteGlobalIDString = 4BBA87EF1D40A55D004DF1A1;
			remoteInfo = Demo_Block;
		};
		4BBA88151D40A55D004DF1A1 /* PBXContainerItemProxy */ = {
			isa = PBXContainerItemProxy;
			containerPortal = 4BBA87E81D40A55D004DF1A1 /* Project object */;
			proxyType = 1;
			remoteGlobalIDString = 4BBA87EF1D40A55D004DF1A1;
			remoteInfo = Demo_Block;
		};
/* End PBXContainerItemProxy section */

/* Begin PBXFileReference section */
		4BBA87F01D40A55D004DF1A1 /* Demo_Block.app */ = {isa = PBXFileReference; explicitFileType = wrapper.application; includeInIndex = 0; path = Demo_Block.app; sourceTree = BUILT_PRODUCTS_DIR; };
		4BBA87F41D40A55D004DF1A1 /* main.m */ = {isa = PBXFileReference; lastKnownFileType = sourcecode.c.objc; path = main.m; sourceTree = "<group>"; };
		4BBA87F61D40A55D004DF1A1 /* AppDelegate.h */ = {isa = PBXFileReference; lastKnownFileType = sourcecode.c.h; path = AppDelegate.h; sourceTree = "<group>"; };
		4BBA87F71D40A55D004DF1A1 /* AppDelegate.m */ = {isa = PBXFileReference; lastKnownFileType = sourcecode.c.objc; path = AppDelegate.m; sourceTree = "<group>"; };
		4BBA87F91D40A55D004DF1A1 /* ViewController.h */ = {isa = PBXFileReference; lastKnownFileType = sourcecode.c.h; path = ViewController.h; sourceTree = "<group>"; };
		4BBA87FA1D40A55D004DF1A1 /* ViewController.m */ = {isa = PBXFileReference; lastKnownFileType = sourcecode.c.objc; path = ViewController.m; sourceTree = "<group>"; };
		4BBA87FD1D40A55D004DF1A1 /* Base */ = {isa = PBXFileReference; lastKnownFileType = file.storyboard; name = Base; path = Base.lproj/Main.storyboard; sourceTree = "<group>"; };
		4BBA87FF1D40A55D004DF1A1 /* Assets.xcassets */ = {isa = PBXFileReference; lastKnownFileType = folder.assetcatalog; path = Assets.xcassets; sourceTree = "<group>"; };
		4BBA88021D40A55D004DF1A1 /* Base */ = {isa = PBXFileReference; lastKnownFileType = file.storyboard; name = Base; path = Base.lproj/LaunchScreen.storyboard; sourceTree = "<group>"; };
		4BBA88041D40A55D004DF1A1 /* Info.plist */ = {isa = PBXFileReference; lastKnownFileType = text.plist.xml; path = Info.plist; sourceTree = "<group>"; };
		4BBA88091D40A55D004DF1A1 /* Demo_BlockTests.xctest */ = {isa = PBXFileReference; explicitFileType = wrapper.cfbundle; includeInIndex = 0; path = Demo_BlockTests.xctest; sourceTree = BUILT_PRODUCTS_DIR; };
		4BBA880D1D40A55D004DF1A1 /* Demo_BlockTests.m */ = {isa = PBXFileReference; lastKnownFileType = sourcecode.c.objc; path = Demo_BlockTests.m; sourceTree = "<group>"; };
		4BBA880F1D40A55D004DF1A1 /* Info.plist */ = {isa = PBXFileReference; lastKnownFileType = text.plist.xml; path = Info.plist; sourceTree = "<group>"; };
		4BBA88141D40A55D004DF1A1 /* Demo_BlockUITests.xctest */ = {isa = PBXFileReference; explicitFileType = wrapper.cfbundle; includeInIndex = 0; path = Demo_BlockUITests.xctest; sourceTree = BUILT_PRODUCTS_DIR; };
		4BBA88181D40A55D004DF1A1 /* Demo_BlockUITests.m */ = {isa = PBXFileReference; lastKnownFileType = sourcecode.c.objc; path = Demo_BlockUITests.m; sourceTree = "<group>"; };
		4BBA881A1D40A55D004DF1A1 /* Info.plist */ = {isa = PBXFileReference; lastKnownFileType = text.plist.xml; path = Info.plist; sourceTree = "<group>"; };
/* End PBXFileReference section */

/* Begin PBXFrameworksBuildPhase section */
		4BBA87ED1D40A55D004DF1A1 /* Frameworks */ = {
			isa = PBXFrameworksBuildPhase;
			buildActionMask = 2147483647;
			files = (
			);
			runOnlyForDeploymentPostprocessing = 0;
		};
		4BBA88061D40A55D004DF1A1 /* Frameworks */ = {
			isa = PBXFrameworksBuildPhase;
			buildActionMask = 2147483647;
			files = (
			);
			runOnlyForDeploymentPostprocessing = 0;
		};
		4BBA88111D40A55D004DF1A1 /* Frameworks */ = {
			isa = PBXFrameworksBuildPhase;
			buildActionMask = 2147483647;
			files = (
			);
			runOnlyForDeploymentPostprocessing = 0;
		};
/* End PBXFrameworksBuildPhase section */

/* Begin PBXGroup section */
		4BBA87E71D40A55D004DF1A1 = {
			isa = PBXGroup;
			children = (
				4BBA87F21D40A55D004DF1A1 /* Demo_Block */,
				4BBA880C1D40A55D004DF1A1 /* Demo_BlockTests */,
				4BBA88171D40A55D004DF1A1 /* Demo_BlockUITests */,
				4BBA87F11D40A55D004DF1A1 /* Products */,
			);
			sourceTree = "<group>";
		};
		4BBA87F11D40A55D004DF1A1 /* Products */ = {
			isa = PBXGroup;
			children = (
				4BBA87F01D40A55D004DF1A1 /* Demo_Block.app */,
				4BBA88091D40A55D004DF1A1 /* Demo_BlockTests.xctest */,
				4BBA88141D40A55D004DF1A1 /* Demo_BlockUITests.xctest */,
			);
			name = Products;
			sourceTree = "<group>";
		};
		4BBA87F21D40A55D004DF1A1 /* Demo_Block */ = {
			isa = PBXGroup;
			children = (
				4BBA87F61D40A55D004DF1A1 /* AppDelegate.h */,
				4BBA87F71D40A55D004DF1A1 /* AppDelegate.m */,
				4BBA87F91D40A55D004DF1A1 /* ViewController.h */,
				4BBA87FA1D40A55D004DF1A1 /* ViewController.m */,
				4BBA87FC1D40A55D004DF1A1 /* Main.storyboard */,
				4BBA87FF1D40A55D004DF1A1 /* Assets.xcassets */,
				4BBA88011D40A55D004DF1A1 /* LaunchScreen.storyboard */,
				4BBA88041D40A55D004DF1A1 /* Info.plist */,
				4BBA87F31D40A55D004DF1A1 /* Supporting Files */,
			);
			path = Demo_Block;
			sourceTree = "<group>";
		};
		4BBA87F31D40A55D004DF1A1 /* Supporting Files */ = {
			isa = PBXGroup;
			children = (
				4BBA87F41D40A55D004DF1A1 /* main.m */,
			);
			name = "Supporting Files";
			sourceTree = "<group>";
		};
		4BBA880C1D40A55D004DF1A1 /* Demo_BlockTests */ = {
			isa = PBXGroup;
			children = (
				4BBA880D1D40A55D004DF1A1 /* Demo_BlockTests.m */,
				4BBA880F1D40A55D004DF1A1 /* Info.plist */,
			);
			path = Demo_BlockTests;
			sourceTree = "<group>";
		};
		4BBA88171D40A55D004DF1A1 /* Demo_BlockUITests */ = {
			isa = PBXGroup;
			children = (
				4BBA88181D40A55D004DF1A1 /* Demo_BlockUITests.m */,
				4BBA881A1D40A55D004DF1A1 /* Info.plist */,
			);
			path = Demo_BlockUITests;
			sourceTree = "<group>";
		};
/* End PBXGroup section */

/* Begin PBXNativeTarget section */
		4BBA87EF1D40A55D004DF1A1 /* Demo_Block */ = {
			isa = PBXNativeTarget;
			buildConfigurationList = 4BBA881D1D40A55D004DF1A1 /* Build configuration list for PBXNativeTarget "Demo_Block" */;
			buildPhases = (
				4BBA87EC1D40A55D004DF1A1 /* Sources */,
				4BBA87ED1D40A55D004DF1A1 /* Frameworks */,
				4BBA87EE1D40A55D004DF1A1 /* Resources */,
			);
			buildRules = (
			);
			dependencies = (
			);
			name = Demo_Block;
			productName = Demo_Block;
			productReference = 4BBA87F01D40A55D004DF1A1 /* Demo_Block.app */;
			productType = "com.apple.product-type.application";
		};
		4BBA88081D40A55D004DF1A1 /* Demo_BlockTests */ = {
			isa = PBXNativeTarget;
			buildConfigurationList = 4BBA88201D40A55D004DF1A1 /* Build configuration list for PBXNativeTarget "Demo_BlockTests" */;
			buildPhases = (
				4BBA88051D40A55D004DF1A1 /* Sources */,
				4BBA88061D40A55D004DF1A1 /* Frameworks */,
				4BBA88071D40A55D004DF1A1 /* Resources */,
			);
			buildRules = (
			);
			dependencies = (
				4BBA880B1D40A55D004DF1A1 /* PBXTargetDependency */,
			);
			name = Demo_BlockTests;
			productName = Demo_BlockTests;
			productReference = 4BBA88091D40A55D004DF1A1 /* Demo_BlockTests.xctest */;
			productType = "com.apple.product-type.bundle.unit-test";
		};
		4BBA88131D40A55D004DF1A1 /* Demo_BlockUITests */ = {
			isa = PBXNativeTarget;
			buildConfigurationList = 4BBA88231D40A55D004DF1A1 /* Build configuration list for PBXNativeTarget "Demo_BlockUITests" */;
			buildPhases = (
				4BBA88101D40A55D004DF1A1 /* Sources */,
				4BBA88111D40A55D004DF1A1 /* Frameworks */,
				4BBA88121D40A55D004DF1A1 /* Resources */,
			);
			buildRules = (
			);
			dependencies = (
				4BBA88161D40A55D004DF1A1 /* PBXTargetDependency */,
			);
			name = Demo_BlockUITests;
			productName = Demo_BlockUITests;
			productReference = 4BBA88141D40A55D004DF1A1 /* Demo_BlockUITests.xctest */;
			productType = "com.apple.product-type.bundle.ui-testing";
		};
/* End PBXNativeTarget section */

/* Begin PBXProject section */
		4BBA87E81D40A55D004DF1A1 /* Project object */ = {
			isa = PBXProject;
			attributes = {
				LastUpgradeCheck = 0730;
				ORGANIZATIONNAME = wangpanpan;
				TargetAttributes = {
					4BBA87EF1D40A55D004DF1A1 = {
						CreatedOnToolsVersion = 7.3.1;
					};
					4BBA88081D40A55D004DF1A1 = {
						CreatedOnToolsVersion = 7.3.1;
						TestTargetID = 4BBA87EF1D40A55D004DF1A1;
					};
					4BBA88131D40A55D004DF1A1 = {
						CreatedOnToolsVersion = 7.3.1;
						TestTargetID = 4BBA87EF1D40A55D004DF1A1;
					};
				};
			};
			buildConfigurationList = 4BBA87EB1D40A55D004DF1A1 /* Build configuration list for PBXProject "Demo_Block" */;
			compatibilityVersion = "Xcode 3.2";
			developmentRegion = English;
			hasScannedForEncodings = 0;
			knownRegions = (
				en,
				Base,
			);
			mainGroup = 4BBA87E71D40A55D004DF1A1;
			productRefGroup = 4BBA87F11D40A55D004DF1A1 /* Products */;
			projectDirPath = "";
			projectRoot = "";
			targets = (
				4BBA87EF1D40A55D004DF1A1 /* Demo_Block */,
				4BBA88081D40A55D004DF1A1 /* Demo_BlockTests */,
				4BBA88131D40A55D004DF1A1 /* Demo_BlockUITests */,
			);
		};
/* End PBXProject section */

/* Begin PBXResourcesBuildPhase section */
		4BBA87EE1D40A55D004DF1A1 /* Resources */ = {
			isa = PBXResourcesBuildPhase;
			buildActionMask = 2147483647;
			files = (
				4BBA88031D40A55D004DF1A1 /* LaunchScreen.storyboard in Resources */,
				4BBA88001D40A55D004DF1A1 /* Assets.xcassets in Resources */,
				4BBA87FE1D40A55D004DF1A1 /* Main.storyboard in Resources */,
			);
			runOnlyForDeploymentPostprocessing = 0;
		};
		4BBA88071D40A55D004DF1A1 /* Resources */ = {
			isa = PBXResourcesBuildPhase;
			buildActionMask = 2147483647;
			files = (
			);
			runOnlyForDeploymentPostprocessing = 0;
		};
		4BBA88121D40A55D004DF1A1 /* Resources */ = {
			isa = PBXResourcesBuildPhase;
			buildActionMask = 2147483647;
			files = (
			);
			runOnlyForDeploymentPostprocessing = 0;
		};
/* End PBXResourcesBuildPhase section */

/* Begin PBXSourcesBuildPhase section */
		4BBA87EC1D40A55D004DF1A1 /* Sources */ = {
			isa = PBXSourcesBuildPhase;
			buildActionMask = 2147483647;
			files = (
				4BBA87FB1D40A55D004DF1A1 /* ViewController.m in Sources */,
				4BBA87F81D40A55D004DF1A1 /* AppDelegate.m in Sources */,
				4BBA87F51D40A55D004DF1A1 /* main.m in Sources */,
			);
			runOnlyForDeploymentPostprocessing = 0;
		};
		4BBA88051D40A55D004DF1A1 /* Sources */ = {
			isa = PBXSourcesBuildPhase;
			buildActionMask = 2147483647;
			files = (
				4BBA880E1D40A55D004DF1A1 /* Demo_BlockTests.m in Sources */,
			);
			runOnlyForDeploymentPostprocessing = 0;
		};
		4BBA88101D40A55D004DF1A1 /* Sources */ = {
			isa = PBXSourcesBuildPhase;
			buildActionMask = 2147483647;
			files = (
				4BBA88191D40A55D004DF1A1 /* Demo_BlockUITests.m in Sources */,
			);
			runOnlyForDeploymentPostprocessing = 0;
		};
/* End PBXSourcesBuildPhase section */

/* Begin PBXTargetDependency section */
		4BBA880B1D40A55D004DF1A1 /* PBXTargetDependency */ = {
			isa = PBXTargetDependency;
			target = 4BBA87EF1D40A55D004DF1A1 /* Demo_Block */;
			targetProxy = 4BBA880A1D40A55D004DF1A1 /* PBXContainerItemProxy */;
		};
		4BBA88161D40A55D004DF1A1 /* PBXTargetDependency */ = {
			isa = PBXTargetDependency;
			target = 4BBA87EF1D40A55D004DF1A1 /* Demo_Block */;
			targetProxy = 4BBA88151D40A55D004DF1A1 /* PBXContainerItemProxy */;
		};
/* End PBXTargetDependency section */

/* Begin PBXVariantGroup section */
		4BBA87FC1D40A55D004DF1A1 /* Main.storyboard */ = {
			isa = PBXVariantGroup;
			children = (
				4BBA87FD1D40A55D004DF1A1 /* Base */,
			);
			name = Main.storyboard;
			sourceTree = "<group>";
		};
		4BBA88011D40A55D004DF1A1 /* LaunchScreen.storyboard */ = {
			isa = PBXVariantGroup;
			children = (
				4BBA88021D40A55D004DF1A1 /* Base */,
			);
			name = LaunchScreen.storyboard;
			sourceTree = "<group>";
		};
/* End PBXVariantGroup section */

/* Begin XCBuildConfiguration section */
		4BBA881B1D40A55D004DF1A1 /* Debug */ = {
			isa = XCBuildConfiguration;
			buildSettings = {
				ALWAYS_SEARCH_USER_PATHS = NO;
				CLANG_ANALYZER_NONNULL = YES;
				CLANG_CXX_LANGUAGE_STANDARD = "gnu++0x";
				CLANG_CXX_LIBRARY = "libc++";
				CLANG_ENABLE_MODULES = YES;
				CLANG_ENABLE_OBJC_ARC = YES;
				CLANG_WARN_BOOL_CONVERSION = YES;
				CLANG_WARN_CONSTANT_CONVERSION = YES;
				CLANG_WARN_DIRECT_OBJC_ISA_USAGE = YES_ERROR;
				CLANG_WARN_EMPTY_BODY = YES;
				CLANG_WARN_ENUM_CONVERSION = YES;
				CLANG_WARN_INT_CONVERSION = YES;
				CLANG_WARN_OBJC_ROOT_CLASS = YES_ERROR;
				CLANG_WARN_UNREACHABLE_CODE = YES;
				CLANG_WARN__DUPLICATE_METHOD_MATCH = YES;
				"CODE_SIGN_IDENTITY[sdk=iphoneos*]" = "iPhone Developer";
				COPY_PHASE_STRIP = NO;
				DEBUG_INFORMATION_FORMAT = dwarf;
				ENABLE_STRICT_OBJC_MSGSEND = YES;
				ENABLE_TESTABILITY = YES;
				GCC_C_LANGUAGE_STANDARD = gnu99;
				GCC_DYNAMIC_NO_PIC = NO;
				GCC_NO_COMMON_BLOCKS = YES;
				GCC_OPTIMIZATION_LEVEL = 0;
				GCC_PREPROCESSOR_DEFINITIONS = (
					"DEBUG=1",
					"$(inherited)",
				);
				GCC_WARN_64_TO_32_BIT_CONVERSION = YES;
				GCC_WARN_ABOUT_RETURN_TYPE = YES_ERROR;
				GCC_WARN_UNDECLARED_SELECTOR = YES;
				GCC_WARN_UNINITIALIZED_AUTOS = YES_AGGRESSIVE;
				GCC_WARN_UNUSED_FUNCTION = YES;
				GCC_WARN_UNUSED_VARIABLE = YES;
				IPHONEOS_DEPLOYMENT_TARGET = 9.3;
				MTL_ENABLE_DEBUG_INFO = YES;
				ONLY_ACTIVE_ARCH = YES;
				SDKROOT = iphoneos;
				TARGETED_DEVICE_FAMILY = "1,2";
			};
			name = Debug;
		};
		4BBA881C1D40A55D004DF1A1 /* Release */ = {
			isa = XCBuildConfiguration;
			buildSettings = {
				ALWAYS_SEARCH_USER_PATHS = NO;
				CLANG_ANALYZER_NONNULL = YES;
				CLANG_CXX_LANGUAGE_STANDARD = "gnu++0x";
				CLANG_CXX_LIBRARY = "libc++";
				CLANG_ENABLE_MODULES = YES;
				CLANG_ENABLE_OBJC_ARC = YES;
				CLANG_WARN_BOOL_CONVERSION = YES;
				CLANG_WARN_CONSTANT_CONVERSION = YES;
				CLANG_WARN_DIRECT_OBJC_ISA_USAGE = YES_ERROR;
				CLANG_WARN_EMPTY_BODY = YES;
				CLANG_WARN_ENUM_CONVERSION = YES;
				CLANG_WARN_INT_CONVERSION = YES;
				CLANG_WARN_OBJC_ROOT_CLASS = YES_ERROR;
				CLANG_WARN_UNREACHABLE_CODE = YES;
				CLANG_WARN__DUPLICATE_METHOD_MATCH = YES;
				"CODE_SIGN_IDENTITY[sdk=iphoneos*]" = "iPhone Developer";
				COPY_PHASE_STRIP = NO;
				DEBUG_INFORMATION_FORMAT = "dwarf-with-dsym";
				ENABLE_NS_ASSERTIONS = NO;
				ENABLE_STRICT_OBJC_MSGSEND = YES;
				GCC_C_LANGUAGE_STANDARD = gnu99;
				GCC_NO_COMMON_BLOCKS = YES;
				GCC_WARN_64_TO_32_BIT_CONVERSION = YES;
				GCC_WARN_ABOUT_RETURN_TYPE = YES_ERROR;
				GCC_WARN_UNDECLARED_SELECTOR = YES;
				GCC_WARN_UNINITIALIZED_AUTOS = YES_AGGRESSIVE;
				GCC_WARN_UNUSED_FUNCTION = YES;
				GCC_WARN_UNUSED_VARIABLE = YES;
				IPHONEOS_DEPLOYMENT_TARGET = 9.3;
				MTL_ENABLE_DEBUG_INFO = NO;
				SDKROOT = iphoneos;
				TARGETED_DEVICE_FAMILY = "1,2";
				VALIDATE_PRODUCT = YES;
			};
			name = Release;
		};
		4BBA881E1D40A55D004DF1A1 /* Debug */ = {
			isa = XCBuildConfiguration;
			buildSettings = {
				ASSETCATALOG_COMPILER_APPICON_NAME = AppIcon;
				INFOPLIST_FILE = Demo_Block/Info.plist;
				LD_RUNPATH_SEARCH_PATHS = "$(inherited) @executable_path/Frameworks";
				PRODUCT_BUNDLE_IDENTIFIER = "wangpanpan.Demo-Block";
				PRODUCT_NAME = "$(TARGET_NAME)";
			};
			name = Debug;
		};
		4BBA881F1D40A55D004DF1A1 /* Release */ = {
			isa = XCBuildConfiguration;
			buildSettings = {
				ASSETCATALOG_COMPILER_APPICON_NAME = AppIcon;
				INFOPLIST_FILE = Demo_Block/Info.plist;
				LD_RUNPATH_SEARCH_PATHS = "$(inherited) @executable_path/Frameworks";
				PRODUCT_BUNDLE_IDENTIFIER = "wangpanpan.Demo-Block";
				PRODUCT_NAME = "$(TARGET_NAME)";
			};
			name = Release;
		};
		4BBA88211D40A55D004DF1A1 /* Debug */ = {
			isa = XCBuildConfiguration;
			buildSettings = {
				BUNDLE_LOADER = "$(TEST_HOST)";
				INFOPLIST_FILE = Demo_BlockTests/Info.plist;
				LD_RUNPATH_SEARCH_PATHS = "$(inherited) @executable_path/Frameworks @loader_path/Frameworks";
				PRODUCT_BUNDLE_IDENTIFIER = "wangpanpan.Demo-BlockTests";
				PRODUCT_NAME = "$(TARGET_NAME)";
				TEST_HOST = "$(BUILT_PRODUCTS_DIR)/Demo_Block.app/Demo_Block";
			};
			name = Debug;
		};
		4BBA88221D40A55D004DF1A1 /* Release */ = {
			isa = XCBuildConfiguration;
			buildSettings = {
				BUNDLE_LOADER = "$(TEST_HOST)";
				INFOPLIST_FILE = Demo_BlockTests/Info.plist;
				LD_RUNPATH_SEARCH_PATHS = "$(inherited) @executable_path/Frameworks @loader_path/Frameworks";
				PRODUCT_BUNDLE_IDENTIFIER = "wangpanpan.Demo-BlockTests";
				PRODUCT_NAME = "$(TARGET_NAME)";
				TEST_HOST = "$(BUILT_PRODUCTS_DIR)/Demo_Block.app/Demo_Block";
			};
			name = Release;
		};
		4BBA88241D40A55D004DF1A1 /* Debug */ = {
			isa = XCBuildConfiguration;
			buildSettings = {
				INFOPLIST_FILE = Demo_BlockUITests/Info.plist;
				LD_RUNPATH_SEARCH_PATHS = "$(inherited) @executable_path/Frameworks @loader_path/Frameworks";
				PRODUCT_BUNDLE_IDENTIFIER = "wangpanpan.Demo-BlockUITests";
				PRODUCT_NAME = "$(TARGET_NAME)";
				TEST_TARGET_NAME = Demo_Block;
			};
			name = Debug;
		};
		4BBA88251D40A55D004DF1A1 /* Release */ = {
			isa = XCBuildConfiguration;
			buildSettings = {
				INFOPLIST_FILE = Demo_BlockUITests/Info.plist;
				LD_RUNPATH_SEARCH_PATHS = "$(inherited) @executable_path/Frameworks @loader_path/Frameworks";
				PRODUCT_BUNDLE_IDENTIFIER = "wangpanpan.Demo-BlockUITests";
				PRODUCT_NAME = "$(TARGET_NAME)";
				TEST_TARGET_NAME = Demo_Block;
			};
			name = Release;
		};
/* End XCBuildConfiguration section */

/* Begin XCConfigurationList section */
		4BBA87EB1D40A55D004DF1A1 /* Build configuration list for PBXProject "Demo_Block" */ = {
			isa = XCConfigurationList;
			buildConfigurations = (
				4BBA881B1D40A55D004DF1A1 /* Debug */,
				4BBA881C1D40A55D004DF1A1 /* Release */,
			);
			defaultConfigurationIsVisible = 0;
			defaultConfigurationName = Release;
		};
		4BBA881D1D40A55D004DF1A1 /* Build configuration list for PBXNativeTarget "Demo_Block" */ = {
			isa = XCConfigurationList;
			buildConfigurations = (
				4BBA881E1D40A55D004DF1A1 /* Debug */,
				4BBA881F1D40A55D004DF1A1 /* Release */,
			);
			defaultConfigurationIsVisible = 0;
		};
		4BBA88201D40A55D004DF1A1 /* Build configuration list for PBXNativeTarget "Demo_BlockTests" */ = {
			isa = XCConfigurationList;
			buildConfigurations = (
				4BBA88211D40A55D004DF1A1 /* Debug */,
				4BBA88221D40A55D004DF1A1 /* Release */,
			);
			defaultConfigurationIsVisible = 0;
		};
		4BBA88231D40A55D004DF1A1 /* Build configuration list for PBXNativeTarget "Demo_BlockUITests" */ = {
			isa = XCConfigurationList;
			buildConfigurations = (
				4BBA88241D40A55D004DF1A1 /* Debug */,
				4BBA88251D40A55D004DF1A1 /* Release */,
			);
			defaultConfigurationIsVisible = 0;
		};
/* End XCConfigurationList section */
	};
	rootObject = 4BBA87E81D40A55D004DF1A1 /* Project object */;
}
